Microsoft Visual Studio Solution File, Format Version 12.00
# Visual Studio Version 17
VisualStudioVersion = 17.5.2.0
MinimumVisualStudioVersion = 10.0.40219.1
Project("{FAE04EC0-301F-11D3-BF4B-00C04F79EFBC}") = "MiniMetacritic", "MiniMetacritic.csproj", "{198EC088-0D78-3F58-5B5B-DB4BB030220B}"
EndProject
Global
	GlobalSection(SolutionConfigurationPlatforms) = preSolution
		Debug|Any CPU = Debug|Any CPU
		Release|Any CPU = Release|Any CPU
	EndGlobalSection
	GlobalSection(ProjectConfigurationPlatforms) = postSolution
		{198EC088-0D78-3F58-5B5B-DB4BB030220B}.Debug|Any CPU.ActiveCfg = Debug|Any CPU
		{198EC088-0D78-3F58-5B5B-DB4BB030220B}.Debug|Any CPU.Build.0 = Debug|Any CPU
		{198EC088-0D78-3F58-5B5B-DB4BB030220B}.Release|Any CPU.ActiveCfg = Release|Any CPU
		{198EC088-0D78-3F58-5B5B-DB4BB030220B}.Release|Any CPU.Build.0 = Release|Any CPU
	EndGlobalSection
	GlobalSection(SolutionProperties) = preSolution
		HideSolutionNode = FALSE
	EndGlobalSection
	GlobalSection(ExtensibilityGlobals) = postSolution
		SolutionGuid = {696EEA51-BC0A-4589-B169-75884CEBB17B}
	EndGlobalSection
EndGlobal
